
Microsoft Visual Studio Solution File, Format Version 12.00
# Visual Studio Version 17
VisualStudioVersion = 17.4.33205.214
MinimumVisualStudioVersion = 10.0.40219.1
Project("{888888A0-9F3D-457C-B088-3A5042F75D52}") = "12.04 2", "12.04 2.pyproj", "{B76BEBB8-76A4-4836-9721-9C4EAB144A16}"
EndProject
Global
	GlobalSection(SolutionConfigurationPlatforms) = preSolution
		Debug|Any CPU = Debug|Any CPU
		Release|Any CPU = Release|Any CPU
	EndGlobalSection
	GlobalSection(ProjectConfigurationPlatforms) = postSolution
		{B76BEBB8-76A4-4836-9721-9C4EAB144A16}.Debug|Any CPU.ActiveCfg = Debug|Any CPU
		{B76BEBB8-76A4-4836-9721-9C4EAB144A16}.Release|Any CPU.ActiveCfg = Release|Any CPU
	EndGlobalSection
	GlobalSection(SolutionProperties) = preSolution
		HideSolutionNode = FALSE
	EndGlobalSection
	GlobalSection(ExtensibilityGlobals) = postSolution
		SolutionGuid = {AE022606-9B4C-41F5-A3DD-9F0E4C4FBE82}
	EndGlobalSection
EndGlobal
